{
  "name": "server",
  "lockfileVersion": 3,
  "requires": true,
  "packages": {
    "": {
      "dependencies": {
        "boomack": "0.15.12",
        "boomack-plugin-leaflet": "0.2.2",
        "boomack-plugin-mermaid": "0.2.0",
        "boomack-plugin-pdf": "0.2.0",
        "boomack-plugin-vega": "0.12.7"
      }
    },
    "node_modules/boomack": {
      "version": "0.15.12",
      "resolved": "https://registry.npmjs.org/boomack/-/boomack-0.15.12.tgz",
      "integrity": "sha512-/b1B5+PadiyKXvSk/Qy3cox8eZ9zydAHZxT3wPrdnxLgJEPdD2zohVSP378jPNpNlEuW1xNoke2ZuOjA2E/C3A==",
      "license": "MIT",
      "bin": {
        "boomack": "cli.mjs"
      },
      "engines": {
        "node": ">= 20.0.0"
      }
    },
    "node_modules/boomack-plugin-leaflet": {
      "version": "0.2.2",
      "resolved": "https://registry.npmjs.org/boomack-plugin-leaflet/-/boomack-plugin-leaflet-0.2.2.tgz",
      "integrity": "sha512-FCkaYTKOtXJ6tQKnoMaa/Ge6DD5o/AWIimUq6BmZRIH6DhU6CU3VsU34j+CC9/ugDcP3Ks2tSA6BfCY9yJ8cDw==",
      "license": "MIT"
    },
    "node_modules/boomack-plugin-mermaid": {
      "version": "0.2.0",
      "resolved": "https://registry.npmjs.org/boomack-plugin-mermaid/-/boomack-plugin-mermaid-0.2.0.tgz",
      "integrity": "sha512-qY3vZ1OeQ8qg4K0Tm7uMWz6sSNZOJHPi2PgmSlyppLyqwZRqjROFKn9MyLcQbuwB3WcfCkPdZmUpawmiY7L1tw==",
      "license": "MIT",
      "dependencies": {
        "uuid": "8.3.2"
      }
    },
    "node_modules/boomack-plugin-mermaid/node_modules/uuid": {
      "version": "8.3.2",
      "resolved": "https://registry.npmjs.org/uuid/-/uuid-8.3.2.tgz",
      "integrity": "sha512-+NYs2QeMWy+GWFOEm9xnn6HCDp0l7QBD7ml8zLUmJ+93Q5NF0NocErnwkTkXVFNiX3/fpC6afS8Dhb/gz7R7eg==",
      "license": "MIT",
      "bin": {
        "uuid": "dist/bin/uuid"
      }
    },
    "node_modules/boomack-plugin-pdf": {
      "version": "0.2.0",
      "resolved": "https://registry.npmjs.org/boomack-plugin-pdf/-/boomack-plugin-pdf-0.2.0.tgz",
      "integrity": "sha512-t2M98Ak0DmNkU6GKA0MXYVt8vzAuu/iy+YAKUcFnyS2PYuXLLt8lDS3fUNt7I9vVrASNNjrYTv75IH7ISUfK4w==",
      "license": "MIT",
      "dependencies": {
        "uuid": "13.0.0"
      }
    },
    "node_modules/boomack-plugin-vega": {
      "version": "0.12.7",
      "resolved": "https://registry.npmjs.org/boomack-plugin-vega/-/boomack-plugin-vega-0.12.7.tgz",
      "integrity": "sha512-5YOn7Jpts1jML0H4EsuAE23Rp9APwgnmCMvwQAYu2+1aRMFAA4E/eVgl/xQT+rH2kXuBVH7JrUyZuNikKphV+w==",
      "license": "MIT",
      "dependencies": {
        "lodash": "*",
        "uuid": "13.0.0",
        "yaml": "2.8.1"
      }
    },
    "node_modules/lodash": {
      "version": "4.17.21",
      "resolved": "https://registry.npmjs.org/lodash/-/lodash-4.17.21.tgz",
      "integrity": "sha512-v2kDEe57lecTulaDIuNTPy3Ry4gLGJ6Z1O3vE1krgXZNrsQ+LFTGHVxVjcXPs17LhbZVGedAJv8XZ1tvj5FvSg==",
      "license": "MIT"
    },
    "node_modules/uuid": {
      "version": "13.0.0",
      "resolved": "https://registry.npmjs.org/uuid/-/uuid-13.0.0.tgz",
      "integrity": "sha512-XQegIaBTVUjSHliKqcnFqYypAd4S+WCYt5NIeRs6w/UAry7z8Y9j5ZwRRL4kzq9U3sD6v+85er9FvkEaBpji2w==",
      "funding": [
        "https://github.com/sponsors/broofa",
        "https://github.com/sponsors/ctavan"
      ],
      "license": "MIT",
      "bin": {
        "uuid": "dist-node/bin/uuid"
      }
    },
    "node_modules/yaml": {
      "version": "2.8.1",
      "resolved": "https://registry.npmjs.org/yaml/-/yaml-2.8.1.tgz",
      "integrity": "sha512-lcYcMxX2PO9XMGvAJkJ3OsNMw+/7FKes7/hgerGUYWIoWu5j/+YQqcZr5JnPZWzOsEBgMbSbiSTn/dv/69Mkpw==",
      "license": "ISC",
      "bin": {
        "yaml": "bin.mjs"
      },
      "engines": {
        "node": ">= 14.6"
      }
    }
  }
}
